# THIS IS AN AUTOGENERATED FILE. DO NOT EDIT THIS FILE DIRECTLY.
# yarn lockfile v1


"@ipld/dag-pb@^2.1.17":
  version "2.1.17"
  resolved "https://registry.yarnpkg.com/@ipld/dag-pb/-/dag-pb-2.1.17.tgz#baafe2fc6bbd1654c402a804ea54b8860cfb2912"
  integrity sha512-AmzOdmdv5hT8iGsrbpzm5R0Fvk7DEbtwcglG2gJLvW9q3zwb+E681hY4EwEELypM1Rfnp/JDA9dGqYcpEi/iAg==
  dependencies:
    multiformats "^9.5.4"

multiformats@^9.5.4, multiformats@^9.7.0:
  version "9.7.0"
  resolved "https://registry.yarnpkg.com/multiformats/-/multiformats-9.7.0.tgz#845799e8df70fbb6b15922500e45cb87cf12f7e5"
  integrity sha512-uv/tcgwk0yN4DStopnBN4GTgvaAlYdy6KnZpuzEPFOYQd71DYFJjs0MN1ERElAflrZaYyGBWXyGxL5GgrxIx0Q==
